
Microsoft Visual Studio Solution File, Format Version 12.00
# Visual Studio Version 16
VisualStudioVersion = 16.0.31727.386
MinimumVisualStudioVersion = 10.0.40219.1
Project("{FAE04EC0-301F-11D3-BF4B-00C04F79EFBC}") = "ServiceMat_P1_20190140098", "ServiceMat_P1_20190140098\ServiceMat_P1_20190140098.csproj", "{60EA46A6-C185-4AC8-A7FF-704E11E87700}"
EndProject
Global
	GlobalSection(SolutionConfigurationPlatforms) = preSolution
		Debug|Any CPU = Debug|Any CPU
		Release|Any CPU = Release|Any CPU
	EndGlobalSection
	GlobalSection(ProjectConfigurationPlatforms) = postSolution
		{60EA46A6-C185-4AC8-A7FF-704E11E87700}.Debug|Any CPU.ActiveCfg = Debug|Any CPU
		{60EA46A6-C185-4AC8-A7FF-704E11E87700}.Debug|Any CPU.Build.0 = Debug|Any CPU
		{60EA46A6-C185-4AC8-A7FF-704E11E87700}.Release|Any CPU.ActiveCfg = Release|Any CPU
		{60EA46A6-C185-4AC8-A7FF-704E11E87700}.Release|Any CPU.Build.0 = Release|Any CPU
	EndGlobalSection
	GlobalSection(SolutionProperties) = preSolution
		HideSolutionNode = FALSE
	EndGlobalSection
	GlobalSection(ExtensibilityGlobals) = postSolution
		SolutionGuid = {B48EECAA-4C66-4041-9781-7D1F74857E0C}
	EndGlobalSection
EndGlobal
